
Microsoft Visual Studio Solution File, Format Version 12.00
# Visual Studio Version 17
VisualStudioVersion = 17.3.32825.248
MinimumVisualStudioVersion = 10.0.40219.1
Project("{FAE04EC0-301F-11D3-BF4B-00C04F79EFBC}") = "LinqTest", "LinqTest.csproj", "{9F186A30-18E3-4690-8EDC-8F479DC12DBB}"
EndProject
Global
	GlobalSection(SolutionConfigurationPlatforms) = preSolution
		Debug|Any CPU = Debug|Any CPU
		Release|Any CPU = Release|Any CPU
	EndGlobalSection
	GlobalSection(ProjectConfigurationPlatforms) = postSolution
		{9F186A30-18E3-4690-8EDC-8F479DC12DBB}.Debug|Any CPU.ActiveCfg = Debug|Any CPU
		{9F186A30-18E3-4690-8EDC-8F479DC12DBB}.Debug|Any CPU.Build.0 = Debug|Any CPU
		{9F186A30-18E3-4690-8EDC-8F479DC12DBB}.Release|Any CPU.ActiveCfg = Release|Any CPU
		{9F186A30-18E3-4690-8EDC-8F479DC12DBB}.Release|Any CPU.Build.0 = Release|Any CPU
	EndGlobalSection
	GlobalSection(SolutionProperties) = preSolution
		HideSolutionNode = FALSE
	EndGlobalSection
	GlobalSection(ExtensibilityGlobals) = postSolution
		SolutionGuid = {47A55D4D-D9E9-4C20-80A2-A9BE34F270CF}
	EndGlobalSection
EndGlobal
